
Microsoft Visual Studio Solution File, Format Version 12.00
# Visual Studio Version 16
VisualStudioVersion = 16.0.30204.135
MinimumVisualStudioVersion = 10.0.40219.1
Project("{FAE04EC0-301F-11D3-BF4B-00C04F79EFBC}") = "SG-CG-P4-EN_Demo", "SG-CG-P4-EN_Demo\SG-CG-P4-EN_Demo.csproj", "{570FED68-24A0-4F6B-AA4D-13EA1A6ADF31}"
EndProject
Project("{FAE04EC0-301F-11D3-BF4B-00C04F79EFBC}") = "Entity", "Entity\Entity.csproj", "{F97A2104-6819-4F43-86E4-5DD71C6B3592}"
EndProject
Project("{FAE04EC0-301F-11D3-BF4B-00C04F79EFBC}") = "DAL", "DAL\DAL.csproj", "{82599A58-C0FA-4483-A5ED-0973B8F75940}"
EndProject
Global
	GlobalSection(SolutionConfigurationPlatforms) = preSolution
		Debug|Any CPU = Debug|Any CPU
		Release|Any CPU = Release|Any CPU
	EndGlobalSection
	GlobalSection(ProjectConfigurationPlatforms) = postSolution
		{570FED68-24A0-4F6B-AA4D-13EA1A6ADF31}.Debug|Any CPU.ActiveCfg = Debug|Any CPU
		{570FED68-24A0-4F6B-AA4D-13EA1A6ADF31}.Debug|Any CPU.Build.0 = Debug|Any CPU
		{570FED68-24A0-4F6B-AA4D-13EA1A6ADF31}.Release|Any CPU.ActiveCfg = Release|Any CPU
		{570FED68-24A0-4F6B-AA4D-13EA1A6ADF31}.Release|Any CPU.Build.0 = Release|Any CPU
		{F97A2104-6819-4F43-86E4-5DD71C6B3592}.Debug|Any CPU.ActiveCfg = Debug|Any CPU
		{F97A2104-6819-4F43-86E4-5DD71C6B3592}.Debug|Any CPU.Build.0 = Debug|Any CPU
		{F97A2104-6819-4F43-86E4-5DD71C6B3592}.Release|Any CPU.ActiveCfg = Release|Any CPU
		{F97A2104-6819-4F43-86E4-5DD71C6B3592}.Release|Any CPU.Build.0 = Release|Any CPU
		{82599A58-C0FA-4483-A5ED-0973B8F75940}.Debug|Any CPU.ActiveCfg = Debug|Any CPU
		{82599A58-C0FA-4483-A5ED-0973B8F75940}.Debug|Any CPU.Build.0 = Debug|Any CPU
		{82599A58-C0FA-4483-A5ED-0973B8F75940}.Release|Any CPU.ActiveCfg = Release|Any CPU
		{82599A58-C0FA-4483-A5ED-0973B8F75940}.Release|Any CPU.Build.0 = Release|Any CPU
	EndGlobalSection
	GlobalSection(SolutionProperties) = preSolution
		HideSolutionNode = FALSE
	EndGlobalSection
	GlobalSection(ExtensibilityGlobals) = postSolution
		SolutionGuid = {01C023E2-888B-493E-9B94-86C125564362}
	EndGlobalSection
EndGlobal
